// !$*UTF8*$!
{
	archiveVersion = 1;
	classes = {
	};
	objectVersion = 51;
	objects = {

/* Begin PBXBuildFile section */
		4FF6543EB9FA5AA975F9D75B /* Pods_VieOnDemo.framework in Frameworks */ = {isa = PBXBuildFile; fileRef = 888E6CBBFDF9EE6632C7DBA1 /* Pods_VieOnDemo.framework */; };
		661C8285277173A400221D9D /* DetailList.swift in Sources */ = {isa = PBXBuildFile; fileRef = 661C8284277173A400221D9D /* DetailList.swift */; };
		6628994A26A674690070D4B6 /* AppDelegate.swift in Sources */ = {isa = PBXBuildFile; fileRef = 6628994926A674690070D4B6 /* AppDelegate.swift */; };
		6628995626A6746B0070D4B6 /* LaunchScreen.storyboard in Resources */ = {isa = PBXBuildFile; fileRef = 6628995426A6746B0070D4B6 /* LaunchScreen.storyboard */; };
		6628996126A6746C0070D4B6 /* VieOnDemoTests.swift in Sources */ = {isa = PBXBuildFile; fileRef = 6628996026A6746C0070D4B6 /* VieOnDemoTests.swift */; };
		6628996C26A6746C0070D4B6 /* VieOnDemoUITests.swift in Sources */ = {isa = PBXBuildFile; fileRef = 6628996B26A6746C0070D4B6 /* VieOnDemoUITests.swift */; };
		6648DE2727742DBF0045ADDE /* LoginService.swift in Sources */ = {isa = PBXBuildFile; fileRef = 6648DE2627742DBF0045ADDE /* LoginService.swift */; };
		664F305726CF812C0005C31B /* ForgotPassViewController.swift in Sources */ = {isa = PBXBuildFile; fileRef = 664F305626CF812C0005C31B /* ForgotPassViewController.swift */; };
		664F305C26CF8C140005C31B /* GoogleService-Info.plist in Resources */ = {isa = PBXBuildFile; fileRef = 664F305B26CF8C140005C31B /* GoogleService-Info.plist */; };
		665755FD2786923800C586CA /* TokenViewModel.swift in Sources */ = {isa = PBXBuildFile; fileRef = 665755FC2786923800C586CA /* TokenViewModel.swift */; };
		665756052786CF9000C586CA /* Main.storyboard in Resources */ = {isa = PBXBuildFile; fileRef = 665756042786CF9000C586CA /* Main.storyboard */; };
		66596E7B279544640068DCD3 /* ProfileTableViewCell.swift in Sources */ = {isa = PBXBuildFile; fileRef = 66596E79279544640068DCD3 /* ProfileTableViewCell.swift */; };
		66596E7C279544640068DCD3 /* ProfileTableViewCell.xib in Resources */ = {isa = PBXBuildFile; fileRef = 66596E7A279544640068DCD3 /* ProfileTableViewCell.xib */; };
		6665269E279513FB0024EAF6 /* TableViewController.swift in Sources */ = {isa = PBXBuildFile; fileRef = 6665269D279513FB0024EAF6 /* TableViewController.swift */; };
		666B6B3627572EEB00A46F32 /* APIPortal+ExtensionsBase.swift in Sources */ = {isa = PBXBuildFile; fileRef = 666B6B3527572EEB00A46F32 /* APIPortal+ExtensionsBase.swift */; };
		666B6B3E27572F0A00A46F32 /* APIPortal.swift in Sources */ = {isa = PBXBuildFile; fileRef = 666B6B3D27572F0A00A46F32 /* APIPortal.swift */; };
		666B6B4327572F6200A46F32 /* BaseItem.swift in Sources */ = {isa = PBXBuildFile; fileRef = 666B6B4227572F6200A46F32 /* BaseItem.swift */; };
		666B6B4827572F8E00A46F32 /* EnviromentBuild.swift in Sources */ = {isa = PBXBuildFile; fileRef = 666B6B4727572F8E00A46F32 /* EnviromentBuild.swift */; };
		666B6B5527574EC200A46F32 /* LoginModel.swift in Sources */ = {isa = PBXBuildFile; fileRef = 666B6B5427574EC200A46F32 /* LoginModel.swift */; };
		666B6B6A27575D5A00A46F32 /* ResponseObjects.swift in Sources */ = {isa = PBXBuildFile; fileRef = 666B6B6927575D5A00A46F32 /* ResponseObjects.swift */; };
		666B6B7027576A5600A46F32 /* ViewModelDelegate.swift in Sources */ = {isa = PBXBuildFile; fileRef = 666B6B6F27576A5600A46F32 /* ViewModelDelegate.swift */; };
		666B6B7527576A8400A46F32 /* LoginViewModel.swift in Sources */ = {isa = PBXBuildFile; fileRef = 666B6B7427576A8400A46F32 /* LoginViewModel.swift */; };
		666B6B7A275774BF00A46F32 /* ProductModel.swift in Sources */ = {isa = PBXBuildFile; fileRef = 666B6B79275774BF00A46F32 /* ProductModel.swift */; };
		666B6B8427586E7F00A46F32 /* LiveTvModel.swift in Sources */ = {isa = PBXBuildFile; fileRef = 666B6B8327586E7F00A46F32 /* LiveTvModel.swift */; };
		666B6BBA2758B3B400A46F32 /* VotingModel.swift in Sources */ = {isa = PBXBuildFile; fileRef = 666B6BB92758B3B400A46F32 /* VotingModel.swift */; };
		667B3ED32797FF1400A3BB48 /* FireBase.swift in Sources */ = {isa = PBXBuildFile; fileRef = 667B3ED22797FF1400A3BB48 /* FireBase.swift */; };
		667B3ED82798019300A3BB48 /* SportController.swift in Sources */ = {isa = PBXBuildFile; fileRef = 667B3ED72798019300A3BB48 /* SportController.swift */; };
		667B3EEB279808FB00A3BB48 /* SportCollectionViewCell.swift in Sources */ = {isa = PBXBuildFile; fileRef = 667B3EE9279808FB00A3BB48 /* SportCollectionViewCell.swift */; };
		667B3EEC279808FB00A3BB48 /* SportCollectionViewCell.xib in Resources */ = {isa = PBXBuildFile; fileRef = 667B3EEA279808FB00A3BB48 /* SportCollectionViewCell.xib */; };
		66888426276B1068008EFF5A /* ListModel.swift in Sources */ = {isa = PBXBuildFile; fileRef = 66888425276B1068008EFF5A /* ListModel.swift */; };
		6688842E276B248A008EFF5A /* ViewController.swift in Sources */ = {isa = PBXBuildFile; fileRef = 6688842D276B248A008EFF5A /* ViewController.swift */; };
		66888433276B2816008EFF5A /* ListController.swift in Sources */ = {isa = PBXBuildFile; fileRef = 66888432276B2816008EFF5A /* ListController.swift */; };
		668F79AC2785377200650A32 /* DetailModel.swift in Sources */ = {isa = PBXBuildFile; fileRef = 668F79AB2785377200650A32 /* DetailModel.swift */; };
		66B79E0526E7102F00C494E7 /* CollectionViewCell.swift in Sources */ = {isa = PBXBuildFile; fileRef = 66B79E0426E7102F00C494E7 /* CollectionViewCell.swift */; };
		66B7A4E427912774008F1C67 /* DetailCollectionViewCell.swift in Sources */ = {isa = PBXBuildFile; fileRef = 66B7A4E227912774008F1C67 /* DetailCollectionViewCell.swift */; };
		66B7A4E527912774008F1C67 /* DetailCollectionViewCell.xib in Resources */ = {isa = PBXBuildFile; fileRef = 66B7A4E327912774008F1C67 /* DetailCollectionViewCell.xib */; };
		66B87E9327B4BD0800D9DB18 /* SportModel.swift in Sources */ = {isa = PBXBuildFile; fileRef = 66B87E9227B4BD0800D9DB18 /* SportModel.swift */; };
		66CBDBED26B91AF5006FB2D9 /* Asset.xcassets in Resources */ = {isa = PBXBuildFile; fileRef = 66CBDBEC26B91AF5006FB2D9 /* Asset.xcassets */; };
		66F6EFAC2785963400C0C7EB /* Token.swift in Sources */ = {isa = PBXBuildFile; fileRef = 66F6EFAB2785963400C0C7EB /* Token.swift */; };
		94BBA3D166680DB6BA4E47F2 /* Pods_VieOnDemo_VieOnDemoUITests.framework in Frameworks */ = {isa = PBXBuildFile; fileRef = 8D38C7453AE5AFB03B9A1B87 /* Pods_VieOnDemo_VieOnDemoUITests.framework */; };
		C589DB60D5997F51E9B5D4DC /* Pods_VieOnDemoTests.framework in Frameworks */ = {isa = PBXBuildFile; fileRef = E00CC74BF9E90FB40ACBB8C3 /* Pods_VieOnDemoTests.framework */; };
/* End PBXBuildFile section */

/* Begin PBXContainerItemProxy section */
		6628995D26A6746C0070D4B6 /* PBXContainerItemProxy */ = {
			isa = PBXContainerItemProxy;
			containerPortal = 6628993E26A674690070D4B6 /* Project object */;
			proxyType = 1;
			remoteGlobalIDString = 6628994526A674690070D4B6;
			remoteInfo = VieOnDemo;
		};
		6628996826A6746C0070D4B6 /* PBXContainerItemProxy */ = {
			isa = PBXContainerItemProxy;
			containerPortal = 6628993E26A674690070D4B6 /* Project object */;
			proxyType = 1;
			remoteGlobalIDString = 6628994526A674690070D4B6;
			remoteInfo = VieOnDemo;
		};
/* End PBXContainerItemProxy section */

/* Begin PBXFileReference section */
		0D14FEE97A2D2EE07B1902B0 /* Pods-VieOnDemoTests.debug.xcconfig */ = {isa = PBXFileReference; includeInIndex = 1; lastKnownFileType = text.xcconfig; name = "Pods-VieOnDemoTests.debug.xcconfig"; path = "Target Support Files/Pods-VieOnDemoTests/Pods-VieOnDemoTests.debug.xcconfig"; sourceTree = "<group>"; };
		23495400A6DDCF32A3A266EF /* Pods-VieOnDemo.debug.xcconfig */ = {isa = PBXFileReference; includeInIndex = 1; lastKnownFileType = text.xcconfig; name = "Pods-VieOnDemo.debug.xcconfig"; path = "Target Support Files/Pods-VieOnDemo/Pods-VieOnDemo.debug.xcconfig"; sourceTree = "<group>"; };
		3F8E97F375A82129C2D2D41D /* Pods-VieOnDemo-VieOnDemoUITests.release.xcconfig */ = {isa = PBXFileReference; includeInIndex = 1; lastKnownFileType = text.xcconfig; name = "Pods-VieOnDemo-VieOnDemoUITests.release.xcconfig"; path = "Target Support Files/Pods-VieOnDemo-VieOnDemoUITests/Pods-VieOnDemo-VieOnDemoUITests.release.xcconfig"; sourceTree = "<group>"; };
		661C8284277173A400221D9D /* DetailList.swift */ = {isa = PBXFileReference; lastKnownFileType = sourcecode.swift; path = DetailList.swift; sourceTree = "<group>"; };
		6628994626A674690070D4B6 /* VieOnDemo.app */ = {isa = PBXFileReference; explicitFileType = wrapper.application; includeInIndex = 0; path = VieOnDemo.app; sourceTree = BUILT_PRODUCTS_DIR; };
		6628994926A674690070D4B6 /* AppDelegate.swift */ = {isa = PBXFileReference; lastKnownFileType = sourcecode.swift; path = AppDelegate.swift; sourceTree = "<group>"; };
		6628995526A6746B0070D4B6 /* Base */ = {isa = PBXFileReference; lastKnownFileType = file.storyboard; name = Base; path = Base.lproj/LaunchScreen.storyboard; sourceTree = "<group>"; };
		6628995726A6746B0070D4B6 /* Info.plist */ = {isa = PBXFileReference; lastKnownFileType = text.plist.xml; path = Info.plist; sourceTree = "<group>"; };
		6628995C26A6746C0070D4B6 /* VieOnDemoTests.xctest */ = {isa = PBXFileReference; explicitFileType = wrapper.cfbundle; includeInIndex = 0; path = VieOnDemoTests.xctest; sourceTree = BUILT_PRODUCTS_DIR; };
		6628996026A6746C0070D4B6 /* VieOnDemoTests.swift */ = {isa = PBXFileReference; lastKnownFileType = sourcecode.swift; path = VieOnDemoTests.swift; sourceTree = "<group>"; };
		6628996226A6746C0070D4B6 /* Info.plist */ = {isa = PBXFileReference; lastKnownFileType = text.plist.xml; path = Info.plist; sourceTree = "<group>"; };
		6628996726A6746C0070D4B6 /* VieOnDemoUITests.xctest */ = {isa = PBXFileReference; explicitFileType = wrapper.cfbundle; includeInIndex = 0; path = VieOnDemoUITests.xctest; sourceTree = BUILT_PRODUCTS_DIR; };
		6628996B26A6746C0070D4B6 /* VieOnDemoUITests.swift */ = {isa = PBXFileReference; lastKnownFileType = sourcecode.swift; path = VieOnDemoUITests.swift; sourceTree = "<group>"; };
		6628996D26A6746C0070D4B6 /* Info.plist */ = {isa = PBXFileReference; lastKnownFileType = text.plist.xml; path = Info.plist; sourceTree = "<group>"; };
		6648DE2627742DBF0045ADDE /* LoginService.swift */ = {isa = PBXFileReference; lastKnownFileType = sourcecode.swift; path = LoginService.swift; sourceTree = "<group>"; };
		664F305626CF812C0005C31B /* ForgotPassViewController.swift */ = {isa = PBXFileReference; lastKnownFileType = sourcecode.swift; path = ForgotPassViewController.swift; sourceTree = "<group>"; };
		664F305B26CF8C140005C31B /* GoogleService-Info.plist */ = {isa = PBXFileReference; fileEncoding = 4; lastKnownFileType = text.plist.xml; path = "GoogleService-Info.plist"; sourceTree = "<group>"; };
		665755FC2786923800C586CA /* TokenViewModel.swift */ = {isa = PBXFileReference; lastKnownFileType = sourcecode.swift; path = TokenViewModel.swift; sourceTree = "<group>"; };
		665756042786CF9000C586CA /* Main.storyboard */ = {isa = PBXFileReference; fileEncoding = 4; lastKnownFileType = file.storyboard; path = Main.storyboard; sourceTree = "<group>"; };
		66596E79279544640068DCD3 /* ProfileTableViewCell.swift */ = {isa = PBXFileReference; lastKnownFileType = sourcecode.swift; path = ProfileTableViewCell.swift; sourceTree = "<group>"; };
		66596E7A279544640068DCD3 /* ProfileTableViewCell.xib */ = {isa = PBXFileReference; lastKnownFileType = file.xib; path = ProfileTableViewCell.xib; sourceTree = "<group>"; };
		6665269D279513FB0024EAF6 /* TableViewController.swift */ = {isa = PBXFileReference; lastKnownFileType = sourcecode.swift; path = TableViewController.swift; sourceTree = "<group>"; };
		666B6B3527572EEB00A46F32 /* APIPortal+ExtensionsBase.swift */ = {isa = PBXFileReference; lastKnownFileType = sourcecode.swift; path = "APIPortal+ExtensionsBase.swift"; sourceTree = "<group>"; };
		666B6B3D27572F0A00A46F32 /* APIPortal.swift */ = {isa = PBXFileReference; lastKnownFileType = sourcecode.swift; path = APIPortal.swift; sourceTree = "<group>"; };
		666B6B4227572F6200A46F32 /* BaseItem.swift */ = {isa = PBXFileReference; lastKnownFileType = sourcecode.swift; path = BaseItem.swift; sourceTree = "<group>"; };
		666B6B4727572F8E00A46F32 /* EnviromentBuild.swift */ = {isa = PBXFileReference; lastKnownFileType = sourcecode.swift; path = EnviromentBuild.swift; sourceTree = "<group>"; };
		666B6B5427574EC200A46F32 /* LoginModel.swift */ = {isa = PBXFileReference; lastKnownFileType = sourcecode.swift; path = LoginModel.swift; sourceTree = "<group>"; };
		666B6B6927575D5A00A46F32 /* ResponseObjects.swift */ = {isa = PBXFileReference; lastKnownFileType = sourcecode.swift; path = ResponseObjects.swift; sourceTree = "<group>"; };
		666B6B6F27576A5600A46F32 /* ViewModelDelegate.swift */ = {isa = PBXFileReference; lastKnownFileType = sourcecode.swift; path = ViewModelDelegate.swift; sourceTree = "<group>"; };
		666B6B7427576A8400A46F32 /* LoginViewModel.swift */ = {isa = PBXFileReference; lastKnownFileType = sourcecode.swift; path = LoginViewModel.swift; sourceTree = "<group>"; };
		666B6B79275774BF00A46F32 /* ProductModel.swift */ = {isa = PBXFileReference; lastKnownFileType = sourcecode.swift; path = ProductModel.swift; sourceTree = "<group>"; };
		666B6B8327586E7F00A46F32 /* LiveTvModel.swift */ = {isa = PBXFileReference; lastKnownFileType = sourcecode.swift; path = LiveTvModel.swift; sourceTree = "<group>"; };
		666B6BB92758B3B400A46F32 /* VotingModel.swift */ = {isa = PBXFileReference; lastKnownFileType = sourcecode.swift; path = VotingModel.swift; sourceTree = "<group>"; };
		667B3ED22797FF1400A3BB48 /* FireBase.swift */ = {isa = PBXFileReference; lastKnownFileType = sourcecode.swift; path = FireBase.swift; sourceTree = "<group>"; };
		667B3ED72798019300A3BB48 /* SportController.swift */ = {isa = PBXFileReference; lastKnownFileType = sourcecode.swift; path = SportController.swift; sourceTree = "<group>"; };
		667B3EE9279808FB00A3BB48 /* SportCollectionViewCell.swift */ = {isa = PBXFileReference; lastKnownFileType = sourcecode.swift; path = SportCollectionViewCell.swift; sourceTree = "<group>"; };
		667B3EEA279808FB00A3BB48 /* SportCollectionViewCell.xib */ = {isa = PBXFileReference; lastKnownFileType = file.xib; path = SportCollectionViewCell.xib; sourceTree = "<group>"; };
		66888425276B1068008EFF5A /* ListModel.swift */ = {isa = PBXFileReference; lastKnownFileType = sourcecode.swift; path = ListModel.swift; sourceTree = "<group>"; };
		6688842D276B248A008EFF5A /* ViewController.swift */ = {isa = PBXFileReference; fileEncoding = 4; lastKnownFileType = sourcecode.swift; path = ViewController.swift; sourceTree = "<group>"; };
		66888432276B2816008EFF5A /* ListController.swift */ = {isa = PBXFileReference; lastKnownFileType = sourcecode.swift; path = ListController.swift; sourceTree = "<group>"; };
		668F79AB2785377200650A32 /* DetailModel.swift */ = {isa = PBXFileReference; lastKnownFileType = sourcecode.swift; path = DetailModel.swift; sourceTree = "<group>"; };
		66B79E0426E7102F00C494E7 /* CollectionViewCell.swift */ = {isa = PBXFileReference; lastKnownFileType = sourcecode.swift; path = CollectionViewCell.swift; sourceTree = "<group>"; };
		66B7A4E227912774008F1C67 /* DetailCollectionViewCell.swift */ = {isa = PBXFileReference; lastKnownFileType = sourcecode.swift; path = DetailCollectionViewCell.swift; sourceTree = "<group>"; };
		66B7A4E327912774008F1C67 /* DetailCollectionViewCell.xib */ = {isa = PBXFileReference; lastKnownFileType = file.xib; path = DetailCollectionViewCell.xib; sourceTree = "<group>"; };
		66B87E9227B4BD0800D9DB18 /* SportModel.swift */ = {isa = PBXFileReference; lastKnownFileType = sourcecode.swift; path = SportModel.swift; sourceTree = "<group>"; };
		66CBDBEC26B91AF5006FB2D9 /* Asset.xcassets */ = {isa = PBXFileReference; lastKnownFileType = folder.assetcatalog; path = Asset.xcassets; sourceTree = "<group>"; };
		66F6EFAB2785963400C0C7EB /* Token.swift */ = {isa = PBXFileReference; lastKnownFileType = sourcecode.swift; path = Token.swift; sourceTree = "<group>"; };
		7CB2D153EC3EC083D08A345B /* Pods-VieOnDemo.release.xcconfig */ = {isa = PBXFileReference; includeInIndex = 1; lastKnownFileType = text.xcconfig; name = "Pods-VieOnDemo.release.xcconfig"; path = "Target Support Files/Pods-VieOnDemo/Pods-VieOnDemo.release.xcconfig"; sourceTree = "<group>"; };
		888E6CBBFDF9EE6632C7DBA1 /* Pods_VieOnDemo.framework */ = {isa = PBXFileReference; explicitFileType = wrapper.framework; includeInIndex = 0; path = Pods_VieOnDemo.framework; sourceTree = BUILT_PRODUCTS_DIR; };
		8D38C7453AE5AFB03B9A1B87 /* Pods_VieOnDemo_VieOnDemoUITests.framework */ = {isa = PBXFileReference; explicitFileType = wrapper.framework; includeInIndex = 0; path = Pods_VieOnDemo_VieOnDemoUITests.framework; sourceTree = BUILT_PRODUCTS_DIR; };
		A7A9A66EF235F425B9148E55 /* Pods-VieOnDemo-VieOnDemoUITests.debug.xcconfig */ = {isa = PBXFileReference; includeInIndex = 1; lastKnownFileType = text.xcconfig; name = "Pods-VieOnDemo-VieOnDemoUITests.debug.xcconfig"; path = "Target Support Files/Pods-VieOnDemo-VieOnDemoUITests/Pods-VieOnDemo-VieOnDemoUITests.debug.xcconfig"; sourceTree = "<group>"; };
		E00CC74BF9E90FB40ACBB8C3 /* Pods_VieOnDemoTests.framework */ = {isa = PBXFileReference; explicitFileType = wrapper.framework; includeInIndex = 0; path = Pods_VieOnDemoTests.framework; sourceTree = BUILT_PRODUCTS_DIR; };
		EA6424AECF3C5654F7FFF4AF /* Pods-VieOnDemoTests.release.xcconfig */ = {isa = PBXFileReference; includeInIndex = 1; lastKnownFileType = text.xcconfig; name = "Pods-VieOnDemoTests.release.xcconfig"; path = "Target Support Files/Pods-VieOnDemoTests/Pods-VieOnDemoTests.release.xcconfig"; sourceTree = "<group>"; };
/* End PBXFileReference section */

/* Begin PBXFrameworksBuildPhase section */
		6628994326A674690070D4B6 /* Frameworks */ = {
			isa = PBXFrameworksBuildPhase;
			buildActionMask = 2147483647;
			files = (
				4FF6543EB9FA5AA975F9D75B /* Pods_VieOnDemo.framework in Frameworks */,
			);
			runOnlyForDeploymentPostprocessing = 0;
		};
		6628995926A6746C0070D4B6 /* Frameworks */ = {
			isa = PBXFrameworksBuildPhase;
			buildActionMask = 2147483647;
			files = (
				C589DB60D5997F51E9B5D4DC /* Pods_VieOnDemoTests.framework in Frameworks */,
			);
			runOnlyForDeploymentPostprocessing = 0;
		};
		6628996426A6746C0070D4B6 /* Frameworks */ = {
			isa = PBXFrameworksBuildPhase;
			buildActionMask = 2147483647;
			files = (
				94BBA3D166680DB6BA4E47F2 /* Pods_VieOnDemo_VieOnDemoUITests.framework in Frameworks */,
			);
			runOnlyForDeploymentPostprocessing = 0;
		};
/* End PBXFrameworksBuildPhase section */

/* Begin PBXGroup section */
		6628993D26A674690070D4B6 = {
			isa = PBXGroup;
			children = (
				666B6B7F27586E1800A46F32 /* API */,
				666B6B7E27586E0600A46F32 /* Model */,
				666B6B6E27576A2F00A46F32 /* ViewModel */,
				6628994826A674690070D4B6 /* VieOnDemo */,
				6628995F26A6746C0070D4B6 /* VieOnDemoTests */,
				6628996A26A6746C0070D4B6 /* VieOnDemoUITests */,
				6628994726A674690070D4B6 /* Products */,
				D97C985F293F583674FD4407 /* Pods */,
				91827052BDAA5026017AFD98 /* Frameworks */,
			);
			sourceTree = "<group>";
		};
		6628994726A674690070D4B6 /* Products */ = {
			isa = PBXGroup;
			children = (
				6628994626A674690070D4B6 /* VieOnDemo.app */,
				6628995C26A6746C0070D4B6 /* VieOnDemoTests.xctest */,
				6628996726A6746C0070D4B6 /* VieOnDemoUITests.xctest */,
			);
			name = Products;
			sourceTree = "<group>";
		};
		6628994826A674690070D4B6 /* VieOnDemo */ = {
			isa = PBXGroup;
			children = (
				66B7A4E92791577E008F1C67 /* Cell */,
				664F305B26CF8C140005C31B /* GoogleService-Info.plist */,
				66CBDBEC26B91AF5006FB2D9 /* Asset.xcassets */,
				6628994926A674690070D4B6 /* AppDelegate.swift */,
				6688842D276B248A008EFF5A /* ViewController.swift */,
				66B79E0426E7102F00C494E7 /* CollectionViewCell.swift */,
				6628995426A6746B0070D4B6 /* LaunchScreen.storyboard */,
				665756042786CF9000C586CA /* Main.storyboard */,
				6628995726A6746B0070D4B6 /* Info.plist */,
				664F305626CF812C0005C31B /* ForgotPassViewController.swift */,
				66888432276B2816008EFF5A /* ListController.swift */,
				661C8284277173A400221D9D /* DetailList.swift */,
				6665269D279513FB0024EAF6 /* TableViewController.swift */,
				667B3ED72798019300A3BB48 /* SportController.swift */,
			);
			path = VieOnDemo;
			sourceTree = "<group>";
		};
		6628995F26A6746C0070D4B6 /* VieOnDemoTests */ = {
			isa = PBXGroup;
			children = (
				6628996026A6746C0070D4B6 /* VieOnDemoTests.swift */,
				6628996226A6746C0070D4B6 /* Info.plist */,
			);
			path = VieOnDemoTests;
			sourceTree = "<group>";
		};
		6628996A26A6746C0070D4B6 /* VieOnDemoUITests */ = {
			isa = PBXGroup;
			children = (
				6628996B26A6746C0070D4B6 /* VieOnDemoUITests.swift */,
				6628996D26A6746C0070D4B6 /* Info.plist */,
			);
			path = VieOnDemoUITests;
			sourceTree = "<group>";
		};
		666B6B6E27576A2F00A46F32 /* ViewModel */ = {
			isa = PBXGroup;
			children = (
				666B6B6F27576A5600A46F32 /* ViewModelDelegate.swift */,
				666B6B7427576A8400A46F32 /* LoginViewModel.swift */,
				665755FC2786923800C586CA /* TokenViewModel.swift */,
			);
			path = ViewModel;
			sourceTree = "<group>";
		};
		666B6B7E27586E0600A46F32 /* Model */ = {
			isa = PBXGroup;
			children = (
				666B6B5427574EC200A46F32 /* LoginModel.swift */,
				666B6B79275774BF00A46F32 /* ProductModel.swift */,
				666B6B8327586E7F00A46F32 /* LiveTvModel.swift */,
				666B6BB92758B3B400A46F32 /* VotingModel.swift */,
				66888425276B1068008EFF5A /* ListModel.swift */,
				668F79AB2785377200650A32 /* DetailModel.swift */,
				66B87E9227B4BD0800D9DB18 /* SportModel.swift */,
			);
			path = Model;
			sourceTree = "<group>";
		};
		666B6B7F27586E1800A46F32 /* API */ = {
			isa = PBXGroup;
			children = (
				666B6B6927575D5A00A46F32 /* ResponseObjects.swift */,
				666B6B4727572F8E00A46F32 /* EnviromentBuild.swift */,
				666B6B4227572F6200A46F32 /* BaseItem.swift */,
				666B6B3527572EEB00A46F32 /* APIPortal+ExtensionsBase.swift */,
				666B6B3D27572F0A00A46F32 /* APIPortal.swift */,
				6648DE2627742DBF0045ADDE /* LoginService.swift */,
				66F6EFAB2785963400C0C7EB /* Token.swift */,
			);
			path = API;
			sourceTree = "<group>";
		};
		66B7A4E92791577E008F1C67 /* Cell */ = {
			isa = PBXGroup;
			children = (
				66B7A4E227912774008F1C67 /* DetailCollectionViewCell.swift */,
				66B7A4E327912774008F1C67 /* DetailCollectionViewCell.xib */,
				66596E79279544640068DCD3 /* ProfileTableViewCell.swift */,
				66596E7A279544640068DCD3 /* ProfileTableViewCell.xib */,
				667B3ED22797FF1400A3BB48 /* FireBase.swift */,
				667B3EE9279808FB00A3BB48 /* SportCollectionViewCell.swift */,
				667B3EEA279808FB00A3BB48 /* SportCollectionViewCell.xib */,
			);
			path = Cell;
			sourceTree = "<group>";
		};
		91827052BDAA5026017AFD98 /* Frameworks */ = {
			isa = PBXGroup;
			children = (
				888E6CBBFDF9EE6632C7DBA1 /* Pods_VieOnDemo.framework */,
				8D38C7453AE5AFB03B9A1B87 /* Pods_VieOnDemo_VieOnDemoUITests.framework */,
				E00CC74BF9E90FB40ACBB8C3 /* Pods_VieOnDemoTests.framework */,
			);
			name = Frameworks;
			sourceTree = "<group>";
		};
		D97C985F293F583674FD4407 /* Pods */ = {
			isa = PBXGroup;
			children = (
				23495400A6DDCF32A3A266EF /* Pods-VieOnDemo.debug.xcconfig */,
				7CB2D153EC3EC083D08A345B /* Pods-VieOnDemo.release.xcconfig */,
				A7A9A66EF235F425B9148E55 /* Pods-VieOnDemo-VieOnDemoUITests.debug.xcconfig */,
				3F8E97F375A82129C2D2D41D /* Pods-VieOnDemo-VieOnDemoUITests.release.xcconfig */,
				0D14FEE97A2D2EE07B1902B0 /* Pods-VieOnDemoTests.debug.xcconfig */,
				EA6424AECF3C5654F7FFF4AF /* Pods-VieOnDemoTests.release.xcconfig */,
			);
			path = Pods;
			sourceTree = "<group>";
		};
/* End PBXGroup section */

/* Begin PBXNativeTarget section */
		6628994526A674690070D4B6 /* VieOnDemo */ = {
			isa = PBXNativeTarget;
			buildConfigurationList = 6628997026A6746C0070D4B6 /* Build configuration list for PBXNativeTarget "VieOnDemo" */;
			buildPhases = (
				929093E7E54EC0856EC49461 /* [CP] Check Pods Manifest.lock */,
				6628994226A674690070D4B6 /* Sources */,
				6628994326A674690070D4B6 /* Frameworks */,
				6628994426A674690070D4B6 /* Resources */,
				67C2EB5E164970274AF66A77 /* [CP] Embed Pods Frameworks */,
			);
			buildRules = (
			);
			dependencies = (
			);
			name = VieOnDemo;
			productName = VieOnDemo;
			productReference = 6628994626A674690070D4B6 /* VieOnDemo.app */;
			productType = "com.apple.product-type.application";
		};
		6628995B26A6746C0070D4B6 /* VieOnDemoTests */ = {
			isa = PBXNativeTarget;
			buildConfigurationList = 6628997326A6746C0070D4B6 /* Build configuration list for PBXNativeTarget "VieOnDemoTests" */;
			buildPhases = (
				EF3843B9F800381DA637F1C3 /* [CP] Check Pods Manifest.lock */,
				6628995826A6746C0070D4B6 /* Sources */,
				6628995926A6746C0070D4B6 /* Frameworks */,
				6628995A26A6746C0070D4B6 /* Resources */,
			);
			buildRules = (
			);
			dependencies = (
				6628995E26A6746C0070D4B6 /* PBXTargetDependency */,
			);
			name = VieOnDemoTests;
			productName = VieOnDemoTests;
			productReference = 6628995C26A6746C0070D4B6 /* VieOnDemoTests.xctest */;
			productType = "com.apple.product-type.bundle.unit-test";
		};
		6628996626A6746C0070D4B6 /* VieOnDemoUITests */ = {
			isa = PBXNativeTarget;
			buildConfigurationList = 6628997626A6746C0070D4B6 /* Build configuration list for PBXNativeTarget "VieOnDemoUITests" */;
			buildPhases = (
				565F3794A6621317FC9CACA1 /* [CP] Check Pods Manifest.lock */,
				6628996326A6746C0070D4B6 /* Sources */,
				6628996426A6746C0070D4B6 /* Frameworks */,
				6628996526A6746C0070D4B6 /* Resources */,
				389759497E6179B2E892BD57 /* [CP] Embed Pods Frameworks */,
			);
			buildRules = (
			);
			dependencies = (
				6628996926A6746C0070D4B6 /* PBXTargetDependency */,
			);
			name = VieOnDemoUITests;
			productName = VieOnDemoUITests;
			productReference = 6628996726A6746C0070D4B6 /* VieOnDemoUITests.xctest */;
			productType = "com.apple.product-type.bundle.ui-testing";
		};
/* End PBXNativeTarget section */

/* Begin PBXProject section */
		6628993E26A674690070D4B6 /* Project object */ = {
			isa = PBXProject;
			attributes = {
				LastSwiftUpdateCheck = 1200;
				LastUpgradeCheck = 1200;
				TargetAttributes = {
					6628994526A674690070D4B6 = {
						CreatedOnToolsVersion = 12.0.1;
					};
					6628995B26A6746C0070D4B6 = {
						CreatedOnToolsVersion = 12.0.1;
						TestTargetID = 6628994526A674690070D4B6;
					};
					6628996626A6746C0070D4B6 = {
						CreatedOnToolsVersion = 12.0.1;
						TestTargetID = 6628994526A674690070D4B6;
					};
				};
			};
			buildConfigurationList = 6628994126A674690070D4B6 /* Build configuration list for PBXProject "VieOnDemo" */;
			compatibilityVersion = "Xcode 9.3";
			developmentRegion = en;
			hasScannedForEncodings = 0;
			knownRegions = (
				en,
				Base,
			);
			mainGroup = 6628993D26A674690070D4B6;
			productRefGroup = 6628994726A674690070D4B6 /* Products */;
			projectDirPath = "";
			projectRoot = "";
			targets = (
				6628994526A674690070D4B6 /* VieOnDemo */,
				6628995B26A6746C0070D4B6 /* VieOnDemoTests */,
				6628996626A6746C0070D4B6 /* VieOnDemoUITests */,
			);
		};
/* End PBXProject section */

/* Begin PBXResourcesBuildPhase section */
		6628994426A674690070D4B6 /* Resources */ = {
			isa = PBXResourcesBuildPhase;
			buildActionMask = 2147483647;
			files = (
				667B3EEC279808FB00A3BB48 /* SportCollectionViewCell.xib in Resources */,
				66CBDBED26B91AF5006FB2D9 /* Asset.xcassets in Resources */,
				664F305C26CF8C140005C31B /* GoogleService-Info.plist in Resources */,
				6628995626A6746B0070D4B6 /* LaunchScreen.storyboard in Resources */,
				665756052786CF9000C586CA /* Main.storyboard in Resources */,
				66B7A4E527912774008F1C67 /* DetailCollectionViewCell.xib in Resources */,
				66596E7C279544640068DCD3 /* ProfileTableViewCell.xib in Resources */,
			);
			runOnlyForDeploymentPostprocessing = 0;
		};
		6628995A26A6746C0070D4B6 /* Resources */ = {
			isa = PBXResourcesBuildPhase;
			buildActionMask = 2147483647;
			files = (
			);
			runOnlyForDeploymentPostprocessing = 0;
		};
		6628996526A6746C0070D4B6 /* Resources */ = {
			isa = PBXResourcesBuildPhase;
			buildActionMask = 2147483647;
			files = (
			);
			runOnlyForDeploymentPostprocessing = 0;
		};
/* End PBXResourcesBuildPhase section */

/* Begin PBXShellScriptBuildPhase section */
		389759497E6179B2E892BD57 /* [CP] Embed Pods Frameworks */ = {
			isa = PBXShellScriptBuildPhase;
			buildActionMask = 2147483647;
			files = (
			);
			inputFileListPaths = (
				"${PODS_ROOT}/Target Support Files/Pods-VieOnDemo-VieOnDemoUITests/Pods-VieOnDemo-VieOnDemoUITests-frameworks-${CONFIGURATION}-input-files.xcfilelist",
			);
			name = "[CP] Embed Pods Frameworks";
			outputFileListPaths = (
				"${PODS_ROOT}/Target Support Files/Pods-VieOnDemo-VieOnDemoUITests/Pods-VieOnDemo-VieOnDemoUITests-frameworks-${CONFIGURATION}-output-files.xcfilelist",
			);
			runOnlyForDeploymentPostprocessing = 0;
			shellPath = /bin/sh;
			shellScript = "\"${PODS_ROOT}/Target Support Files/Pods-VieOnDemo-VieOnDemoUITests/Pods-VieOnDemo-VieOnDemoUITests-frameworks.sh\"\n";
			showEnvVarsInLog = 0;
		};
		565F3794A6621317FC9CACA1 /* [CP] Check Pods Manifest.lock */ = {
			isa = PBXShellScriptBuildPhase;
			buildActionMask = 2147483647;
			files = (
			);
			inputFileListPaths = (
			);
			inputPaths = (
				"${PODS_PODFILE_DIR_PATH}/Podfile.lock",
				"${PODS_ROOT}/Manifest.lock",
			);
			name = "[CP] Check Pods Manifest.lock";
			outputFileListPaths = (
			);
			outputPaths = (
				"$(DERIVED_FILE_DIR)/Pods-VieOnDemo-VieOnDemoUITests-checkManifestLockResult.txt",
			);
			runOnlyForDeploymentPostprocessing = 0;
			shellPath = /bin/sh;
			shellScript = "diff \"${PODS_PODFILE_DIR_PATH}/Podfile.lock\" \"${PODS_ROOT}/Manifest.lock\" > /dev/null\nif [ $? != 0 ] ; then\n    # print error to STDERR\n    echo \"error: The sandbox is not in sync with the Podfile.lock. Run 'pod install' or update your CocoaPods installation.\" >&2\n    exit 1\nfi\n# This output is used by Xcode 'outputs' to avoid re-running this script phase.\necho \"SUCCESS\" > \"${SCRIPT_OUTPUT_FILE_0}\"\n";
			showEnvVarsInLog = 0;
		};
		67C2EB5E164970274AF66A77 /* [CP] Embed Pods Frameworks */ = {
			isa = PBXShellScriptBuildPhase;
			buildActionMask = 2147483647;
			files = (
			);
			inputFileListPaths = (
				"${PODS_ROOT}/Target Support Files/Pods-VieOnDemo/Pods-VieOnDemo-frameworks-${CONFIGURATION}-input-files.xcfilelist",
			);
			name = "[CP] Embed Pods Frameworks";
			outputFileListPaths = (
				"${PODS_ROOT}/Target Support Files/Pods-VieOnDemo/Pods-VieOnDemo-frameworks-${CONFIGURATION}-output-files.xcfilelist",
			);
			runOnlyForDeploymentPostprocessing = 0;
			shellPath = /bin/sh;
			shellScript = "\"${PODS_ROOT}/Target Support Files/Pods-VieOnDemo/Pods-VieOnDemo-frameworks.sh\"\n";
			showEnvVarsInLog = 0;
		};
		929093E7E54EC0856EC49461 /* [CP] Check Pods Manifest.lock */ = {
			isa = PBXShellScriptBuildPhase;
			buildActionMask = 2147483647;
			files = (
			);
			inputFileListPaths = (
			);
			inputPaths = (
				"${PODS_PODFILE_DIR_PATH}/Podfile.lock",
				"${PODS_ROOT}/Manifest.lock",
			);
			name = "[CP] Check Pods Manifest.lock";
			outputFileListPaths = (
			);
			outputPaths = (
				"$(DERIVED_FILE_DIR)/Pods-VieOnDemo-checkManifestLockResult.txt",
			);
			runOnlyForDeploymentPostprocessing = 0;
			shellPath = /bin/sh;
			shellScript = "diff \"${PODS_PODFILE_DIR_PATH}/Podfile.lock\" \"${PODS_ROOT}/Manifest.lock\" > /dev/null\nif [ $? != 0 ] ; then\n    # print error to STDERR\n    echo \"error: The sandbox is not in sync with the Podfile.lock. Run 'pod install' or update your CocoaPods installation.\" >&2\n    exit 1\nfi\n# This output is used by Xcode 'outputs' to avoid re-running this script phase.\necho \"SUCCESS\" > \"${SCRIPT_OUTPUT_FILE_0}\"\n";
			showEnvVarsInLog = 0;
		};
		EF3843B9F800381DA637F1C3 /* [CP] Check Pods Manifest.lock */ = {
			isa = PBXShellScriptBuildPhase;
			buildActionMask = 2147483647;
			files = (
			);
			inputFileListPaths = (
			);
			inputPaths = (
				"${PODS_PODFILE_DIR_PATH}/Podfile.lock",
				"${PODS_ROOT}/Manifest.lock",
			);
			name = "[CP] Check Pods Manifest.lock";
			outputFileListPaths = (
			);
			outputPaths = (
				"$(DERIVED_FILE_DIR)/Pods-VieOnDemoTests-checkManifestLockResult.txt",
			);
			runOnlyForDeploymentPostprocessing = 0;
			shellPath = /bin/sh;
			shellScript = "diff \"${PODS_PODFILE_DIR_PATH}/Podfile.lock\" \"${PODS_ROOT}/Manifest.lock\" > /dev/null\nif [ $? != 0 ] ; then\n    # print error to STDERR\n    echo \"error: The sandbox is not in sync with the Podfile.lock. Run 'pod install' or update your CocoaPods installation.\" >&2\n    exit 1\nfi\n# This output is used by Xcode 'outputs' to avoid re-running this script phase.\necho \"SUCCESS\" > \"${SCRIPT_OUTPUT_FILE_0}\"\n";
			showEnvVarsInLog = 0;
		};
/* End PBXShellScriptBuildPhase section */

/* Begin PBXSourcesBuildPhase section */
		6628994226A674690070D4B6 /* Sources */ = {
			isa = PBXSourcesBuildPhase;
			buildActionMask = 2147483647;
			files = (
				6648DE2727742DBF0045ADDE /* LoginService.swift in Sources */,
				664F305726CF812C0005C31B /* ForgotPassViewController.swift in Sources */,
				666B6B7027576A5600A46F32 /* ViewModelDelegate.swift in Sources */,
				667B3ED82798019300A3BB48 /* SportController.swift in Sources */,
				661C8285277173A400221D9D /* DetailList.swift in Sources */,
				666B6B6A27575D5A00A46F32 /* ResponseObjects.swift in Sources */,
				666B6B3627572EEB00A46F32 /* APIPortal+ExtensionsBase.swift in Sources */,
				666B6B4327572F6200A46F32 /* BaseItem.swift in Sources */,
				666B6BBA2758B3B400A46F32 /* VotingModel.swift in Sources */,
				66888426276B1068008EFF5A /* ListModel.swift in Sources */,
				66888433276B2816008EFF5A /* ListController.swift in Sources */,
				666B6B5527574EC200A46F32 /* LoginModel.swift in Sources */,
				66B7A4E427912774008F1C67 /* DetailCollectionViewCell.swift in Sources */,
				66B79E0526E7102F00C494E7 /* CollectionViewCell.swift in Sources */,
				666B6B7527576A8400A46F32 /* LoginViewModel.swift in Sources */,
				666B6B8427586E7F00A46F32 /* LiveTvModel.swift in Sources */,
				666B6B7A275774BF00A46F32 /* ProductModel.swift in Sources */,
				66F6EFAC2785963400C0C7EB /* Token.swift in Sources */,
				666B6B3E27572F0A00A46F32 /* APIPortal.swift in Sources */,
				668F79AC2785377200650A32 /* DetailModel.swift in Sources */,
				6665269E279513FB0024EAF6 /* TableViewController.swift in Sources */,
				667B3ED32797FF1400A3BB48 /* FireBase.swift in Sources */,
				6628994A26A674690070D4B6 /* AppDelegate.swift in Sources */,
				667B3EEB279808FB00A3BB48 /* SportCollectionViewCell.swift in Sources */,
				6688842E276B248A008EFF5A /* ViewController.swift in Sources */,
				665755FD2786923800C586CA /* TokenViewModel.swift in Sources */,
				66596E7B279544640068DCD3 /* ProfileTableViewCell.swift in Sources */,
				66B87E9327B4BD0800D9DB18 /* SportModel.swift in Sources */,
				666B6B4827572F8E00A46F32 /* EnviromentBuild.swift in Sources */,
			);
			runOnlyForDeploymentPostprocessing = 0;
		};
		6628995826A6746C0070D4B6 /* Sources */ = {
			isa = PBXSourcesBuildPhase;
			buildActionMask = 2147483647;
			files = (
				6628996126A6746C0070D4B6 /* VieOnDemoTests.swift in Sources */,
			);
			runOnlyForDeploymentPostprocessing = 0;
		};
		6628996326A6746C0070D4B6 /* Sources */ = {
			isa = PBXSourcesBuildPhase;
			buildActionMask = 2147483647;
			files = (
				6628996C26A6746C0070D4B6 /* VieOnDemoUITests.swift in Sources */,
			);
			runOnlyForDeploymentPostprocessing = 0;
		};
/* End PBXSourcesBuildPhase section */

/* Begin PBXTargetDependency section */
		6628995E26A6746C0070D4B6 /* PBXTargetDependency */ = {
			isa = PBXTargetDependency;
			target = 6628994526A674690070D4B6 /* VieOnDemo */;
			targetProxy = 6628995D26A6746C0070D4B6 /* PBXContainerItemProxy */;
		};
		6628996926A6746C0070D4B6 /* PBXTargetDependency */ = {
			isa = PBXTargetDependency;
			target = 6628994526A674690070D4B6 /* VieOnDemo */;
			targetProxy = 6628996826A6746C0070D4B6 /* PBXContainerItemProxy */;
		};
/* End PBXTargetDependency section */

/* Begin PBXVariantGroup section */
		6628995426A6746B0070D4B6 /* LaunchScreen.storyboard */ = {
			isa = PBXVariantGroup;
			children = (
				6628995526A6746B0070D4B6 /* Base */,
			);
			name = LaunchScreen.storyboard;
			sourceTree = "<group>";
		};
/* End PBXVariantGroup section */

/* Begin XCBuildConfiguration section */
		6628996E26A6746C0070D4B6 /* Debug */ = {
			isa = XCBuildConfiguration;
			buildSettings = {
				ALWAYS_SEARCH_USER_PATHS = NO;
				CLANG_ANALYZER_NONNULL = YES;
				CLANG_ANALYZER_NUMBER_OBJECT_CONVERSION = YES_AGGRESSIVE;
				CLANG_CXX_LANGUAGE_STANDARD = "gnu++14";
				CLANG_CXX_LIBRARY = "libc++";
				CLANG_ENABLE_MODULES = YES;
				CLANG_ENABLE_OBJC_ARC = YES;
				CLANG_ENABLE_OBJC_WEAK = YES;
				CLANG_WARN_BLOCK_CAPTURE_AUTORELEASING = YES;
				CLANG_WARN_BOOL_CONVERSION = YES;
				CLANG_WARN_COMMA = YES;
				CLANG_WARN_CONSTANT_CONVERSION = YES;
				CLANG_WARN_DEPRECATED_OBJC_IMPLEMENTATIONS = YES;
				CLANG_WARN_DIRECT_OBJC_ISA_USAGE = YES_ERROR;
				CLANG_WARN_DOCUMENTATION_COMMENTS = YES;
				CLANG_WARN_EMPTY_BODY = YES;
				CLANG_WARN_ENUM_CONVERSION = YES;
				CLANG_WARN_INFINITE_RECURSION = YES;
				CLANG_WARN_INT_CONVERSION = YES;
				CLANG_WARN_NON_LITERAL_NULL_CONVERSION = YES;
				CLANG_WARN_OBJC_IMPLICIT_RETAIN_SELF = YES;
				CLANG_WARN_OBJC_LITERAL_CONVERSION = YES;
				CLANG_WARN_OBJC_ROOT_CLASS = YES_ERROR;
				CLANG_WARN_QUOTED_INCLUDE_IN_FRAMEWORK_HEADER = YES;
				CLANG_WARN_RANGE_LOOP_ANALYSIS = YES;
				CLANG_WARN_STRICT_PROTOTYPES = YES;
				CLANG_WARN_SUSPICIOUS_MOVE = YES;
				CLANG_WARN_UNGUARDED_AVAILABILITY = YES_AGGRESSIVE;
				CLANG_WARN_UNREACHABLE_CODE = YES;
				CLANG_WARN__DUPLICATE_METHOD_MATCH = YES;
				COPY_PHASE_STRIP = NO;
				DEBUG_INFORMATION_FORMAT = dwarf;
				ENABLE_STRICT_OBJC_MSGSEND = YES;
				ENABLE_TESTABILITY = YES;
				GCC_C_LANGUAGE_STANDARD = gnu11;
				GCC_DYNAMIC_NO_PIC = NO;
				GCC_NO_COMMON_BLOCKS = YES;
				GCC_OPTIMIZATION_LEVEL = 0;
				GCC_PREPROCESSOR_DEFINITIONS = (
					"DEBUG=1",
					"$(inherited)",
				);
				GCC_WARN_64_TO_32_BIT_CONVERSION = YES;
				GCC_WARN_ABOUT_RETURN_TYPE = YES_ERROR;
				GCC_WARN_UNDECLARED_SELECTOR = YES;
				GCC_WARN_UNINITIALIZED_AUTOS = YES_AGGRESSIVE;
				GCC_WARN_UNUSED_FUNCTION = YES;
				GCC_WARN_UNUSED_VARIABLE = YES;
				IPHONEOS_DEPLOYMENT_TARGET = 11.0;
				MTL_ENABLE_DEBUG_INFO = INCLUDE_SOURCE;
				MTL_FAST_MATH = YES;
				ONLY_ACTIVE_ARCH = YES;
				SDKROOT = iphoneos;
				SWIFT_ACTIVE_COMPILATION_CONDITIONS = DEBUG;
				SWIFT_OPTIMIZATION_LEVEL = "-Onone";
			};
			name = Debug;
		};
		6628996F26A6746C0070D4B6 /* Release */ = {
			isa = XCBuildConfiguration;
			buildSettings = {
				ALWAYS_SEARCH_USER_PATHS = NO;
				CLANG_ANALYZER_NONNULL = YES;
				CLANG_ANALYZER_NUMBER_OBJECT_CONVERSION = YES_AGGRESSIVE;
				CLANG_CXX_LANGUAGE_STANDARD = "gnu++14";
				CLANG_CXX_LIBRARY = "libc++";
				CLANG_ENABLE_MODULES = YES;
				CLANG_ENABLE_OBJC_ARC = YES;
				CLANG_ENABLE_OBJC_WEAK = YES;
				CLANG_WARN_BLOCK_CAPTURE_AUTORELEASING = YES;
				CLANG_WARN_BOOL_CONVERSION = YES;
				CLANG_WARN_COMMA = YES;
				CLANG_WARN_CONSTANT_CONVERSION = YES;
				CLANG_WARN_DEPRECATED_OBJC_IMPLEMENTATIONS = YES;
				CLANG_WARN_DIRECT_OBJC_ISA_USAGE = YES_ERROR;
				CLANG_WARN_DOCUMENTATION_COMMENTS = YES;
				CLANG_WARN_EMPTY_BODY = YES;
				CLANG_WARN_ENUM_CONVERSION = YES;
				CLANG_WARN_INFINITE_RECURSION = YES;
				CLANG_WARN_INT_CONVERSION = YES;
				CLANG_WARN_NON_LITERAL_NULL_CONVERSION = YES;
				CLANG_WARN_OBJC_IMPLICIT_RETAIN_SELF = YES;
				CLANG_WARN_OBJC_LITERAL_CONVERSION = YES;
				CLANG_WARN_OBJC_ROOT_CLASS = YES_ERROR;
				CLANG_WARN_QUOTED_INCLUDE_IN_FRAMEWORK_HEADER = YES;
				CLANG_WARN_RANGE_LOOP_ANALYSIS = YES;
				CLANG_WARN_STRICT_PROTOTYPES = YES;
				CLANG_WARN_SUSPICIOUS_MOVE = YES;
				CLANG_WARN_UNGUARDED_AVAILABILITY = YES_AGGRESSIVE;
				CLANG_WARN_UNREACHABLE_CODE = YES;
				CLANG_WARN__DUPLICATE_METHOD_MATCH = YES;
				COPY_PHASE_STRIP = NO;
				DEBUG_INFORMATION_FORMAT = "dwarf-with-dsym";
				ENABLE_NS_ASSERTIONS = NO;
				ENABLE_STRICT_OBJC_MSGSEND = YES;
				GCC_C_LANGUAGE_STANDARD = gnu11;
				GCC_NO_COMMON_BLOCKS = YES;
				GCC_WARN_64_TO_32_BIT_CONVERSION = YES;
				GCC_WARN_ABOUT_RETURN_TYPE = YES_ERROR;
				GCC_WARN_UNDECLARED_SELECTOR = YES;
				GCC_WARN_UNINITIALIZED_AUTOS = YES_AGGRESSIVE;
				GCC_WARN_UNUSED_FUNCTION = YES;
				GCC_WARN_UNUSED_VARIABLE = YES;
				IPHONEOS_DEPLOYMENT_TARGET = 11.0;
				MTL_ENABLE_DEBUG_INFO = NO;
				MTL_FAST_MATH = YES;
				SDKROOT = iphoneos;
				SWIFT_COMPILATION_MODE = wholemodule;
				SWIFT_OPTIMIZATION_LEVEL = "-O";
				VALIDATE_PRODUCT = YES;
			};
			name = Release;
		};
		6628997126A6746C0070D4B6 /* Debug */ = {
			isa = XCBuildConfiguration;
			baseConfigurationReference = 23495400A6DDCF32A3A266EF /* Pods-VieOnDemo.debug.xcconfig */;
			buildSettings = {
				ASSETCATALOG_COMPILER_APPICON_NAME = AppIcon;
				ASSETCATALOG_COMPILER_GLOBAL_ACCENT_COLOR_NAME = AccentColor;
				CODE_SIGN_STYLE = Automatic;
				DEVELOPMENT_TEAM = U7J22TY4T8;
				INFOPLIST_FILE = VieOnDemo/Info.plist;
				IPHONEOS_DEPLOYMENT_TARGET = 11.0;
				LD_RUNPATH_SEARCH_PATHS = (
					"$(inherited)",
					"@executable_path/Frameworks",
				);
				PRODUCT_BUNDLE_IDENTIFIER = TruongDao.VieOnDemo;
				PRODUCT_NAME = "$(TARGET_NAME)";
				SWIFT_VERSION = 5.0;
				TARGETED_DEVICE_FAMILY = "1,2";
			};
			name = Debug;
		};
		6628997226A6746C0070D4B6 /* Release */ = {
			isa = XCBuildConfiguration;
			baseConfigurationReference = 7CB2D153EC3EC083D08A345B /* Pods-VieOnDemo.release.xcconfig */;
			buildSettings = {
				ASSETCATALOG_COMPILER_APPICON_NAME = AppIcon;
				ASSETCATALOG_COMPILER_GLOBAL_ACCENT_COLOR_NAME = AccentColor;
				CODE_SIGN_STYLE = Automatic;
				DEVELOPMENT_TEAM = U7J22TY4T8;
				INFOPLIST_FILE = VieOnDemo/Info.plist;
				IPHONEOS_DEPLOYMENT_TARGET = 11.0;
				LD_RUNPATH_SEARCH_PATHS = (
					"$(inherited)",
					"@executable_path/Frameworks",
				);
				PRODUCT_BUNDLE_IDENTIFIER = TruongDao.VieOnDemo;
				PRODUCT_NAME = "$(TARGET_NAME)";
				SWIFT_VERSION = 5.0;
				TARGETED_DEVICE_FAMILY = "1,2";
			};
			name = Release;
		};
		6628997426A6746C0070D4B6 /* Debug */ = {
			isa = XCBuildConfiguration;
			baseConfigurationReference = 0D14FEE97A2D2EE07B1902B0 /* Pods-VieOnDemoTests.debug.xcconfig */;
			buildSettings = {
				ALWAYS_EMBED_SWIFT_STANDARD_LIBRARIES = YES;
				BUNDLE_LOADER = "$(TEST_HOST)";
				CODE_SIGN_STYLE = Automatic;
				DEVELOPMENT_TEAM = U7J22TY4T8;
				INFOPLIST_FILE = VieOnDemoTests/Info.plist;
				IPHONEOS_DEPLOYMENT_TARGET = 14.0;
				LD_RUNPATH_SEARCH_PATHS = (
					"$(inherited)",
					"@executable_path/Frameworks",
					"@loader_path/Frameworks",
				);
				PRODUCT_BUNDLE_IDENTIFIER = TruongDao.VieOnDemoTests;
				PRODUCT_NAME = "$(TARGET_NAME)";
				SWIFT_VERSION = 5.0;
				TARGETED_DEVICE_FAMILY = "1,2";
				TEST_HOST = "$(BUILT_PRODUCTS_DIR)/VieOnDemo.app/VieOnDemo";
			};
			name = Debug;
		};
		6628997526A6746C0070D4B6 /* Release */ = {
			isa = XCBuildConfiguration;
			baseConfigurationReference = EA6424AECF3C5654F7FFF4AF /* Pods-VieOnDemoTests.release.xcconfig */;
			buildSettings = {
				ALWAYS_EMBED_SWIFT_STANDARD_LIBRARIES = YES;
				BUNDLE_LOADER = "$(TEST_HOST)";
				CODE_SIGN_STYLE = Automatic;
				DEVELOPMENT_TEAM = U7J22TY4T8;
				INFOPLIST_FILE = VieOnDemoTests/Info.plist;
				IPHONEOS_DEPLOYMENT_TARGET = 14.0;
				LD_RUNPATH_SEARCH_PATHS = (
					"$(inherited)",
					"@executable_path/Frameworks",
					"@loader_path/Frameworks",
				);
				PRODUCT_BUNDLE_IDENTIFIER = TruongDao.VieOnDemoTests;
				PRODUCT_NAME = "$(TARGET_NAME)";
				SWIFT_VERSION = 5.0;
				TARGETED_DEVICE_FAMILY = "1,2";
				TEST_HOST = "$(BUILT_PRODUCTS_DIR)/VieOnDemo.app/VieOnDemo";
			};
			name = Release;
		};
		6628997726A6746C0070D4B6 /* Debug */ = {
			isa = XCBuildConfiguration;
			baseConfigurationReference = A7A9A66EF235F425B9148E55 /* Pods-VieOnDemo-VieOnDemoUITests.debug.xcconfig */;
			buildSettings = {
				ALWAYS_EMBED_SWIFT_STANDARD_LIBRARIES = YES;
				CODE_SIGN_STYLE = Automatic;
				DEVELOPMENT_TEAM = U7J22TY4T8;
				INFOPLIST_FILE = VieOnDemoUITests/Info.plist;
				LD_RUNPATH_SEARCH_PATHS = (
					"$(inherited)",
					"@executable_path/Frameworks",
					"@loader_path/Frameworks",
				);
				PRODUCT_BUNDLE_IDENTIFIER = TruongDao.VieOnDemoUITests;
				PRODUCT_NAME = "$(TARGET_NAME)";
				SWIFT_VERSION = 5.0;
				TARGETED_DEVICE_FAMILY = "1,2";
				TEST_TARGET_NAME = VieOnDemo;
			};
			name = Debug;
		};
		6628997826A6746C0070D4B6 /* Release */ = {
			isa = XCBuildConfiguration;
			baseConfigurationReference = 3F8E97F375A82129C2D2D41D /* Pods-VieOnDemo-VieOnDemoUITests.release.xcconfig */;
			buildSettings = {
				ALWAYS_EMBED_SWIFT_STANDARD_LIBRARIES = YES;
				CODE_SIGN_STYLE = Automatic;
				DEVELOPMENT_TEAM = U7J22TY4T8;
				INFOPLIST_FILE = VieOnDemoUITests/Info.plist;
				LD_RUNPATH_SEARCH_PATHS = (
					"$(inherited)",
					"@executable_path/Frameworks",
					"@loader_path/Frameworks",
				);
				PRODUCT_BUNDLE_IDENTIFIER = TruongDao.VieOnDemoUITests;
				PRODUCT_NAME = "$(TARGET_NAME)";
				SWIFT_VERSION = 5.0;
				TARGETED_DEVICE_FAMILY = "1,2";
				TEST_TARGET_NAME = VieOnDemo;
			};
			name = Release;
		};
/* End XCBuildConfiguration section */

/* Begin XCConfigurationList section */
		6628994126A674690070D4B6 /* Build configuration list for PBXProject "VieOnDemo" */ = {
			isa = XCConfigurationList;
			buildConfigurations = (
				6628996E26A6746C0070D4B6 /* Debug */,
				6628996F26A6746C0070D4B6 /* Release */,
			);
			defaultConfigurationIsVisible = 0;
			defaultConfigurationName = Release;
		};
		6628997026A6746C0070D4B6 /* Build configuration list for PBXNativeTarget "VieOnDemo" */ = {
			isa = XCConfigurationList;
			buildConfigurations = (
				6628997126A6746C0070D4B6 /* Debug */,
				6628997226A6746C0070D4B6 /* Release */,
			);
			defaultConfigurationIsVisible = 0;
			defaultConfigurationName = Release;
		};
		6628997326A6746C0070D4B6 /* Build configuration list for PBXNativeTarget "VieOnDemoTests" */ = {
			isa = XCConfigurationList;
			buildConfigurations = (
				6628997426A6746C0070D4B6 /* Debug */,
				6628997526A6746C0070D4B6 /* Release */,
			);
			defaultConfigurationIsVisible = 0;
			defaultConfigurationName = Release;
		};
		6628997626A6746C0070D4B6 /* Build configuration list for PBXNativeTarget "VieOnDemoUITests" */ = {
			isa = XCConfigurationList;
			buildConfigurations = (
				6628997726A6746C0070D4B6 /* Debug */,
				6628997826A6746C0070D4B6 /* Release */,
			);
			defaultConfigurationIsVisible = 0;
			defaultConfigurationName = Release;
		};
/* End XCConfigurationList section */
	};
	rootObject = 6628993E26A674690070D4B6 /* Project object */;
}
